
Microsoft Visual Studio Solution File, Format Version 12.00
# Visual Studio 14
VisualStudioVersion = 14.0.25420.1
MinimumVisualStudioVersion = 10.0.40219.1
Project("{FAE04EC0-301F-11D3-BF4B-00C04F79EFBC}") = "Sample.Core", "Sample.Core\Sample.Core.csproj", "{53F9C58B-B84A-49ED-A822-931430752D75}"
EndProject
Project("{FAE04EC0-301F-11D3-BF4B-00C04F79EFBC}") = "Sample.NUnitUncovered.Tests", "Sample.NUnitUncovered.Tests\Sample.NUnitUncovered.Tests.csproj", "{F77482EA-B860-419E-B858-1CBD28D64BBB}"
EndProject
Global
	GlobalSection(SolutionConfigurationPlatforms) = preSolution
		Debug|Any CPU = Debug|Any CPU
		Release|Any CPU = Release|Any CPU
	EndGlobalSection
	GlobalSection(ProjectConfigurationPlatforms) = postSolution
		{53F9C58B-B84A-49ED-A822-931430752D75}.Debug|Any CPU.ActiveCfg = Debug|Any CPU
		{53F9C58B-B84A-49ED-A822-931430752D75}.Debug|Any CPU.Build.0 = Debug|Any CPU
		{53F9C58B-B84A-49ED-A822-931430752D75}.Release|Any CPU.ActiveCfg = Release|Any CPU
		{53F9C58B-B84A-49ED-A822-931430752D75}.Release|Any CPU.Build.0 = Release|Any CPU
		{F77482EA-B860-419E-B858-1CBD28D64BBB}.Debug|Any CPU.ActiveCfg = Debug|Any CPU
		{F77482EA-B860-419E-B858-1CBD28D64BBB}.Debug|Any CPU.Build.0 = Debug|Any CPU
		{F77482EA-B860-419E-B858-1CBD28D64BBB}.Release|Any CPU.ActiveCfg = Release|Any CPU
		{F77482EA-B860-419E-B858-1CBD28D64BBB}.Release|Any CPU.Build.0 = Release|Any CPU
	EndGlobalSection
	GlobalSection(SolutionProperties) = preSolution
		HideSolutionNode = FALSE
	EndGlobalSection
EndGlobal
